
Microsoft Visual Studio Solution File, Format Version 12.00
# Visual Studio Version 17
VisualStudioVersion = 17.2.32630.192
MinimumVisualStudioVersion = 10.0.40219.1
Project("{FAE04EC0-301F-11D3-BF4B-00C04F79EFBC}") = "airtel", "airtel\airtel.csproj", "{8555A716-D692-4B73-9CC1-8F239BE7BA60}"
EndProject
Global
	GlobalSection(SolutionConfigurationPlatforms) = preSolution
		Debug|Any CPU = Debug|Any CPU
		Release|Any CPU = Release|Any CPU
	EndGlobalSection
	GlobalSection(ProjectConfigurationPlatforms) = postSolution
		{8555A716-D692-4B73-9CC1-8F239BE7BA60}.Debug|Any CPU.ActiveCfg = Debug|Any CPU
		{8555A716-D692-4B73-9CC1-8F239BE7BA60}.Debug|Any CPU.Build.0 = Debug|Any CPU
		{8555A716-D692-4B73-9CC1-8F239BE7BA60}.Release|Any CPU.ActiveCfg = Release|Any CPU
		{8555A716-D692-4B73-9CC1-8F239BE7BA60}.Release|Any CPU.Build.0 = Release|Any CPU
	EndGlobalSection
	GlobalSection(SolutionProperties) = preSolution
		HideSolutionNode = FALSE
	EndGlobalSection
	GlobalSection(ExtensibilityGlobals) = postSolution
		SolutionGuid = {6EA298AB-559D-4DD7-8D5A-7BBADF436593}
	EndGlobalSection
EndGlobal
